
Microsoft Visual Studio Solution File, Format Version 12.00
# Visual Studio Version 17
VisualStudioVersion = 17.11.35327.3
MinimumVisualStudioVersion = 10.0.40219.1
Project("{2150E333-8FDC-42A3-9474-1A3956D46DE8}") = "src", "src", "{66941166-329C-4800-912E-E38988FBE096}"
EndProject
Project("{2150E333-8FDC-42A3-9474-1A3956D46DE8}") = "tests", "tests", "{E28629AF-FBD2-484E-9EF3-2013CB42C0A4}"
EndProject
Project("{9A19103F-16F7-4668-BE54-9A1E7A4F7556}") = "ArchitectureTests", "tests\ArchitectureTests\ArchitectureTests.csproj", "{0EFDEFFF-D98E-4376-91F8-5C53818F233E}"
EndProject
Project("{9A19103F-16F7-4668-BE54-9A1E7A4F7556}") = "Helix.App", "src\Helix.App\Helix.App.csproj", "{47560A0E-475E-4FB8-AF92-01E8D884633D}"
EndProject
Project("{9A19103F-16F7-4668-BE54-9A1E7A4F7556}") = "Helix.Application", "src\Helix.Application\Helix.Application.csproj", "{6174A5FA-D97F-4BDF-B424-F7C6D4749790}"
EndProject
Project("{9A19103F-16F7-4668-BE54-9A1E7A4F7556}") = "Helix.Domain", "src\Helix.Domain\Helix.Domain.csproj", "{74D14491-6795-474C-82C1-38F0AE292B27}"
EndProject
Project("{9A19103F-16F7-4668-BE54-9A1E7A4F7556}") = "Helix.Infrastructure", "src\Helix.Infrastructure\Helix.Infrastructure.csproj", "{3461B283-946F-401D-8399-3B2CDC5D5C17}"
EndProject
Project("{9A19103F-16F7-4668-BE54-9A1E7A4F7556}") = "SharedKernel", "src\SharedKernel\SharedKernel.csproj", "{D44D7AD5-768D-4A72-B6E0-9A238AAD6AB7}"
EndProject
Global
	GlobalSection(SolutionConfigurationPlatforms) = preSolution
		Debug|Any CPU = Debug|Any CPU
		Release|Any CPU = Release|Any CPU
	EndGlobalSection
	GlobalSection(ProjectConfigurationPlatforms) = postSolution
		{0EFDEFFF-D98E-4376-91F8-5C53818F233E}.Debug|Any CPU.ActiveCfg = Debug|Any CPU
		{0EFDEFFF-D98E-4376-91F8-5C53818F233E}.Debug|Any CPU.Build.0 = Debug|Any CPU
		{0EFDEFFF-D98E-4376-91F8-5C53818F233E}.Release|Any CPU.ActiveCfg = Release|Any CPU
		{0EFDEFFF-D98E-4376-91F8-5C53818F233E}.Release|Any CPU.Build.0 = Release|Any CPU
		{47560A0E-475E-4FB8-AF92-01E8D884633D}.Debug|Any CPU.ActiveCfg = Debug|Any CPU
		{47560A0E-475E-4FB8-AF92-01E8D884633D}.Debug|Any CPU.Build.0 = Debug|Any CPU
		{47560A0E-475E-4FB8-AF92-01E8D884633D}.Debug|Any CPU.Deploy.0 = Debug|Any CPU
		{47560A0E-475E-4FB8-AF92-01E8D884633D}.Release|Any CPU.ActiveCfg = Release|Any CPU
		{47560A0E-475E-4FB8-AF92-01E8D884633D}.Release|Any CPU.Build.0 = Release|Any CPU
		{47560A0E-475E-4FB8-AF92-01E8D884633D}.Release|Any CPU.Deploy.0 = Release|Any CPU
		{6174A5FA-D97F-4BDF-B424-F7C6D4749790}.Debug|Any CPU.ActiveCfg = Debug|Any CPU
		{6174A5FA-D97F-4BDF-B424-F7C6D4749790}.Debug|Any CPU.Build.0 = Debug|Any CPU
		{6174A5FA-D97F-4BDF-B424-F7C6D4749790}.Release|Any CPU.ActiveCfg = Release|Any CPU
		{6174A5FA-D97F-4BDF-B424-F7C6D4749790}.Release|Any CPU.Build.0 = Release|Any CPU
		{74D14491-6795-474C-82C1-38F0AE292B27}.Debug|Any CPU.ActiveCfg = Debug|Any CPU
		{74D14491-6795-474C-82C1-38F0AE292B27}.Debug|Any CPU.Build.0 = Debug|Any CPU
		{74D14491-6795-474C-82C1-38F0AE292B27}.Release|Any CPU.ActiveCfg = Release|Any CPU
		{74D14491-6795-474C-82C1-38F0AE292B27}.Release|Any CPU.Build.0 = Release|Any CPU
		{3461B283-946F-401D-8399-3B2CDC5D5C17}.Debug|Any CPU.ActiveCfg = Debug|Any CPU
		{3461B283-946F-401D-8399-3B2CDC5D5C17}.Debug|Any CPU.Build.0 = Debug|Any CPU
		{3461B283-946F-401D-8399-3B2CDC5D5C17}.Release|Any CPU.ActiveCfg = Release|Any CPU
		{3461B283-946F-401D-8399-3B2CDC5D5C17}.Release|Any CPU.Build.0 = Release|Any CPU
		{D44D7AD5-768D-4A72-B6E0-9A238AAD6AB7}.Debug|Any CPU.ActiveCfg = Debug|Any CPU
		{D44D7AD5-768D-4A72-B6E0-9A238AAD6AB7}.Debug|Any CPU.Build.0 = Debug|Any CPU
		{D44D7AD5-768D-4A72-B6E0-9A238AAD6AB7}.Release|Any CPU.ActiveCfg = Release|Any CPU
		{D44D7AD5-768D-4A72-B6E0-9A238AAD6AB7}.Release|Any CPU.Build.0 = Release|Any CPU
	EndGlobalSection
	GlobalSection(SolutionProperties) = preSolution
		HideSolutionNode = FALSE
	EndGlobalSection
	GlobalSection(NestedProjects) = preSolution
		{0EFDEFFF-D98E-4376-91F8-5C53818F233E} = {E28629AF-FBD2-484E-9EF3-2013CB42C0A4}
		{47560A0E-475E-4FB8-AF92-01E8D884633D} = {66941166-329C-4800-912E-E38988FBE096}
		{6174A5FA-D97F-4BDF-B424-F7C6D4749790} = {66941166-329C-4800-912E-E38988FBE096}
		{74D14491-6795-474C-82C1-38F0AE292B27} = {66941166-329C-4800-912E-E38988FBE096}
		{3461B283-946F-401D-8399-3B2CDC5D5C17} = {66941166-329C-4800-912E-E38988FBE096}
		{D44D7AD5-768D-4A72-B6E0-9A238AAD6AB7} = {66941166-329C-4800-912E-E38988FBE096}
	EndGlobalSection
	GlobalSection(ExtensibilityGlobals) = postSolution
		SolutionGuid = {284E3129-1CDF-49FC-8882-6981434D9288}
	EndGlobalSection
EndGlobal
